
Microsoft Visual Studio Solution File, Format Version 12.00
# Visual Studio Version 17
VisualStudioVersion = 17.8.34330.188
MinimumVisualStudioVersion = 10.0.40219.1
Project("{8BC9CEB8-8B4A-11D0-8D11-00A0C91BC942}") = "task 1", "task 1\task 1.vcxproj", "{16FC4D96-ACE6-4140-A08D-3D2417DF215F}"
EndProject
Global
	GlobalSection(SolutionConfigurationPlatforms) = preSolution
		Debug|x64 = Debug|x64
		Debug|x86 = Debug|x86
		Release|x64 = Release|x64
		Release|x86 = Release|x86
	EndGlobalSection
	GlobalSection(ProjectConfigurationPlatforms) = postSolution
		{16FC4D96-ACE6-4140-A08D-3D2417DF215F}.Debug|x64.ActiveCfg = Debug|x64
		{16FC4D96-ACE6-4140-A08D-3D2417DF215F}.Debug|x64.Build.0 = Debug|x64
		{16FC4D96-ACE6-4140-A08D-3D2417DF215F}.Debug|x86.ActiveCfg = Debug|Win32
		{16FC4D96-ACE6-4140-A08D-3D2417DF215F}.Debug|x86.Build.0 = Debug|Win32
		{16FC4D96-ACE6-4140-A08D-3D2417DF215F}.Release|x64.ActiveCfg = Release|x64
		{16FC4D96-ACE6-4140-A08D-3D2417DF215F}.Release|x64.Build.0 = Release|x64
		{16FC4D96-ACE6-4140-A08D-3D2417DF215F}.Release|x86.ActiveCfg = Release|Win32
		{16FC4D96-ACE6-4140-A08D-3D2417DF215F}.Release|x86.Build.0 = Release|Win32
	EndGlobalSection
	GlobalSection(SolutionProperties) = preSolution
		HideSolutionNode = FALSE
	EndGlobalSection
	GlobalSection(ExtensibilityGlobals) = postSolution
		SolutionGuid = {093E8BE2-7DD8-4BEC-9B26-45F923154AC7}
	EndGlobalSection
EndGlobal
