
Microsoft Visual Studio Solution File, Format Version 12.00
# Visual Studio Version 17
VisualStudioVersion = 17.8.34330.188
MinimumVisualStudioVersion = 10.0.40219.1
Project("{8BC9CEB8-8B4A-11D0-8D11-00A0C91BC942}") = "task 1", "task 1\task 1.vcxproj", "{201B96E7-02C0-4B60-8F4B-66D3B4E32AB9}"
EndProject
Global
	GlobalSection(SolutionConfigurationPlatforms) = preSolution
		Debug|x64 = Debug|x64
		Debug|x86 = Debug|x86
		Release|x64 = Release|x64
		Release|x86 = Release|x86
	EndGlobalSection
	GlobalSection(ProjectConfigurationPlatforms) = postSolution
		{201B96E7-02C0-4B60-8F4B-66D3B4E32AB9}.Debug|x64.ActiveCfg = Debug|x64
		{201B96E7-02C0-4B60-8F4B-66D3B4E32AB9}.Debug|x64.Build.0 = Debug|x64
		{201B96E7-02C0-4B60-8F4B-66D3B4E32AB9}.Debug|x86.ActiveCfg = Debug|Win32
		{201B96E7-02C0-4B60-8F4B-66D3B4E32AB9}.Debug|x86.Build.0 = Debug|Win32
		{201B96E7-02C0-4B60-8F4B-66D3B4E32AB9}.Release|x64.ActiveCfg = Release|x64
		{201B96E7-02C0-4B60-8F4B-66D3B4E32AB9}.Release|x64.Build.0 = Release|x64
		{201B96E7-02C0-4B60-8F4B-66D3B4E32AB9}.Release|x86.ActiveCfg = Release|Win32
		{201B96E7-02C0-4B60-8F4B-66D3B4E32AB9}.Release|x86.Build.0 = Release|Win32
	EndGlobalSection
	GlobalSection(SolutionProperties) = preSolution
		HideSolutionNode = FALSE
	EndGlobalSection
	GlobalSection(ExtensibilityGlobals) = postSolution
		SolutionGuid = {55E314BA-E603-4ACB-BBE0-ACE9A80E4622}
	EndGlobalSection
EndGlobal
