
Microsoft Visual Studio Solution File, Format Version 12.00
# Visual Studio Version 17
VisualStudioVersion = 17.8.34309.116
MinimumVisualStudioVersion = 10.0.40219.1
Project("{8BC9CEB8-8B4A-11D0-8D11-00A0C91BC942}") = "tusk one", "tusk one\tusk one.vcxproj", "{F30C504D-F496-44E1-9263-4274A6B68EEA}"
EndProject
Global
	GlobalSection(SolutionConfigurationPlatforms) = preSolution
		Debug|x64 = Debug|x64
		Debug|x86 = Debug|x86
		Release|x64 = Release|x64
		Release|x86 = Release|x86
	EndGlobalSection
	GlobalSection(ProjectConfigurationPlatforms) = postSolution
		{F30C504D-F496-44E1-9263-4274A6B68EEA}.Debug|x64.ActiveCfg = Debug|x64
		{F30C504D-F496-44E1-9263-4274A6B68EEA}.Debug|x64.Build.0 = Debug|x64
		{F30C504D-F496-44E1-9263-4274A6B68EEA}.Debug|x86.ActiveCfg = Debug|Win32
		{F30C504D-F496-44E1-9263-4274A6B68EEA}.Debug|x86.Build.0 = Debug|Win32
		{F30C504D-F496-44E1-9263-4274A6B68EEA}.Release|x64.ActiveCfg = Release|x64
		{F30C504D-F496-44E1-9263-4274A6B68EEA}.Release|x64.Build.0 = Release|x64
		{F30C504D-F496-44E1-9263-4274A6B68EEA}.Release|x86.ActiveCfg = Release|Win32
		{F30C504D-F496-44E1-9263-4274A6B68EEA}.Release|x86.Build.0 = Release|Win32
	EndGlobalSection
	GlobalSection(SolutionProperties) = preSolution
		HideSolutionNode = FALSE
	EndGlobalSection
	GlobalSection(ExtensibilityGlobals) = postSolution
		SolutionGuid = {A5CF0C5C-30C2-4E45-806D-68850AF1141D}
	EndGlobalSection
EndGlobal
