
Microsoft Visual Studio Solution File, Format Version 12.00
# Visual Studio Version 17
VisualStudioVersion = 17.8.34309.116
MinimumVisualStudioVersion = 10.0.40219.1
Project("{8BC9CEB8-8B4A-11D0-8D11-00A0C91BC942}") = "tusktwo(15)", "tusktwo(15)\tusktwo(15).vcxproj", "{C78D0A4A-4998-4CE0-9B92-CA1E62A91648}"
EndProject
Global
	GlobalSection(SolutionConfigurationPlatforms) = preSolution
		Debug|x64 = Debug|x64
		Debug|x86 = Debug|x86
		Release|x64 = Release|x64
		Release|x86 = Release|x86
	EndGlobalSection
	GlobalSection(ProjectConfigurationPlatforms) = postSolution
		{C78D0A4A-4998-4CE0-9B92-CA1E62A91648}.Debug|x64.ActiveCfg = Debug|x64
		{C78D0A4A-4998-4CE0-9B92-CA1E62A91648}.Debug|x64.Build.0 = Debug|x64
		{C78D0A4A-4998-4CE0-9B92-CA1E62A91648}.Debug|x86.ActiveCfg = Debug|Win32
		{C78D0A4A-4998-4CE0-9B92-CA1E62A91648}.Debug|x86.Build.0 = Debug|Win32
		{C78D0A4A-4998-4CE0-9B92-CA1E62A91648}.Release|x64.ActiveCfg = Release|x64
		{C78D0A4A-4998-4CE0-9B92-CA1E62A91648}.Release|x64.Build.0 = Release|x64
		{C78D0A4A-4998-4CE0-9B92-CA1E62A91648}.Release|x86.ActiveCfg = Release|Win32
		{C78D0A4A-4998-4CE0-9B92-CA1E62A91648}.Release|x86.Build.0 = Release|Win32
	EndGlobalSection
	GlobalSection(SolutionProperties) = preSolution
		HideSolutionNode = FALSE
	EndGlobalSection
	GlobalSection(ExtensibilityGlobals) = postSolution
		SolutionGuid = {A46129F3-AB90-453B-8886-7E55458B3CC5}
	EndGlobalSection
EndGlobal
